version = 1
revision = 3
requires-python = ">=3.12, <3.14"

[[package]]
name = "annotated-types"
version = "0.8.0"
source = { registry = "https://packagefeedproxy.microsoft.io/pypi/simple/" }
sdist = { url = "https://ms-feed-2.pkgs.visualstudio.com/f5581750-f66a-4ee8-b9cc-8269930bd7c4/_packaging/637e612b-d5d4-45c1-8a31-e0deb2a5a828/pypi/download/annotated-types/0.8/annotated_types-0.8.0.tar.gz", hash = "sha256:13b2beaad985e05e2d6407ee4c4f35590b11f8d693a258a561055cac8f64cab7" }
wheels = [
    { url = "https://ms-feed-2.pkgs.visualstudio.com/f5581750-f66a-4ee8-b9cc-8269930bd7c4/_packaging/637e612b-d5d4-45c1-8a31-e0deb2a5a828/pypi/download/annotated-types/0.8/annotated_types-0.8.0-py3-none-any.whl", hash = "sha256:f072f4d804ea359e4eaf198b1af7a8b0943881a87f31bb764f8bf219bb9419e0" },
]

[[package]]
name = "anyio"
version = "4.14.2"
source = { registry = "https://packagefeedproxy.microsoft.io/pypi/simple/" }
dependencies = [
    { name = "idna" },
    { name = "typing-extensions", marker = "python_full_version < '3.13'" },
]
sdist = { url = "https://ms-feed-17.pkgs.visualstudio.com/02a0e93b-9e7a-46f6-8851-5a56920f8f7e/_packaging/2aa351dc-4441-4d20-a430-25f505f2a55a/pypi/download/anyio/4.14.2/anyio-4.14.2.tar.gz", hash = "sha256:cfa139f3ed1a23ee8f88a145ddb5ac7605b8bbfd8592baacd7ce3d8bb4313c7f" }
wheels = [
    { url = "https://ms-feed-17.pkgs.visualstudio.com/02a0e93b-9e7a-46f6-8851-5a56920f8f7e/_packaging/2aa351dc-4441-4d20-a430-25f505f2a55a/pypi/download/anyio/4.14.2/anyio-4.14.2-py3-none-any.whl", hash = "sha256:9f505dda5ac9f0c8309b5e8bd445a8c2bf7246f3ce950121e45ea15bc41d1494" },
]

[[package]]
name = "certifi"
version = "2026.7.22"
source = { registry = "https://packagefeedproxy.microsoft.io/pypi/simple/" }
sdist = { url = "https://ms-feed-2.pkgs.visualstudio.com/f5581750-f66a-4ee8-b9cc-8269930bd7c4/_packaging/637e612b-d5d4-45c1-8a31-e0deb2a5a828/pypi/download/certifi/2026.7.22/certifi-2026.7.22.tar.gz", hash = "sha256:741e2c3b351ddf169a738da9f2c048608ff7f2c5cc02f1ebc6b118bb090d5d55" }
wheels = [
    { url = "https://ms-feed-2.pkgs.visualstudio.com/f5581750-f66a-4ee8-b9cc-8269930bd7c4/_packaging/637e612b-d5d4-45c1-8a31-e0deb2a5a828/pypi/download/certifi/2026.7.22/certifi-2026.7.22-py3-none-any.whl", hash = "sha256:62f22742b58a1a33014a2b6b706588a8d7e2a88ae7bd1a6ebe8c992928483775" },
]

[[package]]
name = "click"
version = "8.4.2"
source = { registry = "https://packagefeedproxy.microsoft.io/pypi/simple/" }
dependencies = [
    { name = "colorama", marker = "sys_platform == 'win32'" },
]
sdist = { url = "https://ms-feed-2.pkgs.visualstudio.com/f5581750-f66a-4ee8-b9cc-8269930bd7c4/_packaging/637e612b-d5d4-45c1-8a31-e0deb2a5a828/pypi/download/click/8.4.2/click-8.4.2.tar.gz", hash = "sha256:9a6cea6e60b17ebe0a44c5cc636d94f09bd66142c1cd7d8b4cd731c4917a15f6" }
wheels = [
    { url = "https://ms-feed-2.pkgs.visualstudio.com/f5581750-f66a-4ee8-b9cc-8269930bd7c4/_packaging/637e612b-d5d4-45c1-8a31-e0deb2a5a828/pypi/download/click/8.4.2/click-8.4.2-py3-none-any.whl", hash = "sha256:e6f9f66136c816745b9d65817da91d61d957fb16e02e4dcd0552553c5a197b76" },
]

[[package]]
name = "colorama"
version = "0.4.6"
source = { registry = "https://packagefeedproxy.microsoft.io/pypi/simple/" }
sdist = { url = "https://ms-feed-25.pkgs.visualstudio.com/6f084628-a36d-42cb-934d-057357e379dc/_packaging/49d7402f-07bb-4b18-a9ce-086e6e98a554/pypi/download/colorama/0.4.6/colorama-0.4.6.tar.gz", hash = "sha256:08695f5cb7ed6e0531a20572697297273c47b8cae5a63ffc6d6ed5c201be6e44" }
wheels = [
    { url = "https://ms-feed-25.pkgs.visualstudio.com/6f084628-a36d-42cb-934d-057357e379dc/_packaging/49d7402f-07bb-4b18-a9ce-086e6e98a554/pypi/download/colorama/0.4.6/colorama-0.4.6-py2.py3-none-any.whl", hash = "sha256:4f1d9991f5acc0ca119f9d443620b77f9d6b33703e51011c16baf57afb285fc6" },
]

[[package]]
name = "fastapi"
version = "0.116.1"
source = { registry = "https://packagefeedproxy.microsoft.io/pypi/simple/" }
dependencies = [
    { name = "pydantic" },
    { name = "starlette" },
    { name = "typing-extensions" },
]
sdist = { url = "https://ms-feed-17.pkgs.visualstudio.com/02a0e93b-9e7a-46f6-8851-5a56920f8f7e/_packaging/2aa351dc-4441-4d20-a430-25f505f2a55a/pypi/download/fastapi/0.116.1/fastapi-0.116.1.tar.gz", hash = "sha256:ed52cbf946abfd70c5a0dccb24673f0670deeb517a88b3544d03c2a6bf283143" }
wheels = [
    { url = "https://ms-feed-17.pkgs.visualstudio.com/02a0e93b-9e7a-46f6-8851-5a56920f8f7e/_packaging/2aa351dc-4441-4d20-a430-25f505f2a55a/pypi/download/fastapi/0.116.1/fastapi-0.116.1-py3-none-any.whl", hash = "sha256:c46ac7c312df840f0c9e220f7964bada936781bc4e2e6eb71f1c4d7553786565" },
]

[[package]]
name = "h11"
version = "0.16.0"
source = { registry = "https://packagefeedproxy.microsoft.io/pypi/simple/" }
sdist = { url = "https://ms-feed-17.pkgs.visualstudio.com/02a0e93b-9e7a-46f6-8851-5a56920f8f7e/_packaging/2aa351dc-4441-4d20-a430-25f505f2a55a/pypi/download/h11/0.16/h11-0.16.0.tar.gz", hash = "sha256:4e35b956cf45792e4caa5885e69fba00bdbc6ffafbfa020300e549b208ee5ff1" }
wheels = [
    { url = "https://ms-feed-17.pkgs.visualstudio.com/02a0e93b-9e7a-46f6-8851-5a56920f8f7e/_packaging/2aa351dc-4441-4d20-a430-25f505f2a55a/pypi/download/h11/0.16/h11-0.16.0-py3-none-any.whl", hash = "sha256:63cf8bbe7522de3bf65932fda1d9c2772064ffb3dae62d55932da54b31cb6c86" },
]

[[package]]
name = "httpcore"
version = "1.0.9"
source = { registry = "https://packagefeedproxy.microsoft.io/pypi/simple/" }
dependencies = [
    { name = "certifi" },
    { name = "h11" },
]
sdist = { url = "https://ms-feed-17.pkgs.visualstudio.com/02a0e93b-9e7a-46f6-8851-5a56920f8f7e/_packaging/2aa351dc-4441-4d20-a430-25f505f2a55a/pypi/download/httpcore/1.0.9/httpcore-1.0.9.tar.gz", hash = "sha256:6e34463af53fd2ab5d807f399a9b45ea31c3dfa2276f15a2c3f00afff6e176e8" }
wheels = [
    { url = "https://ms-feed-17.pkgs.visualstudio.com/02a0e93b-9e7a-46f6-8851-5a56920f8f7e/_packaging/2aa351dc-4441-4d20-a430-25f505f2a55a/pypi/download/httpcore/1.0.9/httpcore-1.0.9-py3-none-any.whl", hash = "sha256:2d400746a40668fc9dec9810239072b40b4484b640a8c38fd654a024c7a1bf55" },
]

[[package]]
name = "httpx"
version = "0.28.1"
source = { registry = "https://packagefeedproxy.microsoft.io/pypi/simple/" }
dependencies = [
    { name = "anyio" },
    { name = "certifi" },
    { name = "httpcore" },
    { name = "idna" },
]
sdist = { url = "https://ms-feed-2.pkgs.visualstudio.com/f5581750-f66a-4ee8-b9cc-8269930bd7c4/_packaging/637e612b-d5d4-45c1-8a31-e0deb2a5a828/pypi/download/httpx/0.28.1/httpx-0.28.1.tar.gz", hash = "sha256:75e98c5f16b0f35b567856f597f06ff2270a374470a5c2392242528e3e3e42fc" }
wheels = [
    { url = "https://ms-feed-2.pkgs.visualstudio.com/f5581750-f66a-4ee8-b9cc-8269930bd7c4/_packaging/637e612b-d5d4-45c1-8a31-e0deb2a5a828/pypi/download/httpx/0.28.1/httpx-0.28.1-py3-none-any.whl", hash = "sha256:d909fcccc110f8c7faf814ca82a9a4d816bc5a6dbfea25d6591d6985b8ba59ad" },
]

[[package]]
name = "idna"
version = "3.18"
source = { registry = "https://packagefeedproxy.microsoft.io/pypi/simple/" }
sdist = { url = "https://ms-feed-25.pkgs.visualstudio.com/6f084628-a36d-42cb-934d-057357e379dc/_packaging/49d7402f-07bb-4b18-a9ce-086e6e98a554/pypi/download/idna/3.18/idna-3.18.tar.gz", hash = "sha256:ffb385a7e039654cef1ab9ef32c6fafe283c0c0467bba1d9029738ce4a14a848" }
wheels = [
    { url = "https://ms-feed-25.pkgs.visualstudio.com/6f084628-a36d-42cb-934d-057357e379dc/_packaging/49d7402f-07bb-4b18-a9ce-086e6e98a554/pypi/download/idna/3.18/idna-3.18-py3-none-any.whl", hash = "sha256:7f952cbe720b688055e3f87de14f5c3e5fdaa8bc3928985c4077ca689de849a2" },
]

[[package]]
name = "iniconfig"
version = "2.3.0"
source = { registry = "https://packagefeedproxy.microsoft.io/pypi/simple/" }
sdist = { url = "https://ms-feed-12.pkgs.visualstudio.com/80ca31fc-64d9-45fa-acb1-85ac9c6202b2/_packaging/00cb4235-4c66-4418-be20-d052995979fb/pypi/download/iniconfig/2.3/iniconfig-2.3.0.tar.gz", hash = "sha256:c76315c77db068650d49c5b56314774a7804df16fee4402c1f19d6d15d8c4730" }
wheels = [
    { url = "https://ms-feed-12.pkgs.visualstudio.com/80ca31fc-64d9-45fa-acb1-85ac9c6202b2/_packaging/00cb4235-4c66-4418-be20-d052995979fb/pypi/download/iniconfig/2.3/iniconfig-2.3.0-py3-none-any.whl", hash = "sha256:f631c04d2c48c52b84d0d0549c99ff3859c98df65b3101406327ecc7d53fbf12" },
]

[[package]]
name = "packaging"
version = "26.3"
source = { registry = "https://packagefeedproxy.microsoft.io/pypi/simple/" }
sdist = { url = "https://ms-feed-25.pkgs.visualstudio.com/6f084628-a36d-42cb-934d-057357e379dc/_packaging/49d7402f-07bb-4b18-a9ce-086e6e98a554/pypi/download/packaging/26.3/packaging-26.3.tar.gz", hash = "sha256:94edc256424af38762eb31306eed28beb9f0efc50a8837492c9d6fd6004aed79" }
wheels = [
    { url = "https://ms-feed-25.pkgs.visualstudio.com/6f084628-a36d-42cb-934d-057357e379dc/_packaging/49d7402f-07bb-4b18-a9ce-086e6e98a554/pypi/download/packaging/26.3/packaging-26.3-py3-none-any.whl", hash = "sha256:d7193f7c8e4e93f444fde0262bf90af30e16fa0ad0ad44cb553c87339b23cd1c" },
]

[[package]]
name = "pluggy"
version = "1.6.0"
source = { registry = "https://packagefeedproxy.microsoft.io/pypi/simple/" }
sdist = { url = "https://ms-feed-12.pkgs.visualstudio.com/80ca31fc-64d9-45fa-acb1-85ac9c6202b2/_packaging/00cb4235-4c66-4418-be20-d052995979fb/pypi/download/pluggy/1.6/pluggy-1.6.0.tar.gz", hash = "sha256:7dcc130b76258d33b90f61b658791dede3486c3e6bfb003ee5c9bfb396dd22f3" }
wheels = [
    { url = "https://ms-feed-12.pkgs.visualstudio.com/80ca31fc-64d9-45fa-acb1-85ac9c6202b2/_packaging/00cb4235-4c66-4418-be20-d052995979fb/pypi/download/pluggy/1.6/pluggy-1.6.0-py3-none-any.whl", hash = "sha256:e920276dd6813095e9377c0bc5566d94c932c33b27a3e3945d8389c374dd4746" },
]

[[package]]
name = "pydantic"
version = "2.11.7"
source = { registry = "https://packagefeedproxy.microsoft.io/pypi/simple/" }
dependencies = [
    { name = "annotated-types" },
    { name = "pydantic-core" },
    { name = "typing-extensions" },
    { name = "typing-inspection" },
]
sdist = { url = "https://ms-feed-17.pkgs.visualstudio.com/02a0e93b-9e7a-46f6-8851-5a56920f8f7e/_packaging/2aa351dc-4441-4d20-a430-25f505f2a55a/pypi/download/pydantic/2.11.7/pydantic-2.11.7.tar.gz", hash = "sha256:d989c3c6cb79469287b1569f7447a17848c998458d49ebe294e975b9baf0f0db" }
wheels = [
    { url = "https://ms-feed-17.pkgs.visualstudio.com/02a0e93b-9e7a-46f6-8851-5a56920f8f7e/_packaging/2aa351dc-4441-4d20-a430-25f505f2a55a/pypi/download/pydantic/2.11.7/pydantic-2.11.7-py3-none-any.whl", hash = "sha256:dde5df002701f6de26248661f6835bbe296a47bf73990135c7d07ce741b9623b" },
]

[[package]]
name = "pydantic-core"
version = "2.33.2"
source = { registry = "https://packagefeedproxy.microsoft.io/pypi/simple/" }
dependencies = [
    { name = "typing-extensions" },
]
sdist = { url = "https://ms-feed-12.pkgs.visualstudio.com/80ca31fc-64d9-45fa-acb1-85ac9c6202b2/_packaging/00cb4235-4c66-4418-be20-d052995979fb/pypi/download/pydantic-core/2.33.2/pydantic_core-2.33.2.tar.gz", hash = "sha256:7cb8bc3605c29176e1b105350d2e6474142d7c1bd1d9327c4a9bdb46bf827acc" }
wheels = [
    { url = "https://ms-feed-12.pkgs.visualstudio.com/80ca31fc-64d9-45fa-acb1-85ac9c6202b2/_packaging/00cb4235-4c66-4418-be20-d052995979fb/pypi/download/pydantic-core/2.33.2/pydantic_core-2.33.2-cp312-cp312-macosx_10_12_x86_64.whl", hash = "sha256:a7ec89dc587667f22b6a0b6579c249fca9026ce7c333fc142ba42411fa243cdc" },
    { url = "https://ms-feed-12.pkgs.visualstudio.com/80ca31fc-64d9-45fa-acb1-85ac9c6202b2/_packaging/00cb4235-4c66-4418-be20-d052995979fb/pypi/download/pydantic-core/2.33.2/pydantic_core-2.33.2-cp312-cp312-macosx_11_0_arm64.whl", hash = "sha256:3c6db6e52c6d70aa0d00d45cdb9b40f0433b96380071ea80b09277dba021ddf7" },
    { url = "https://ms-feed-12.pkgs.visualstudio.com/80ca31fc-64d9-45fa-acb1-85ac9c6202b2/_packaging/00cb4235-4c66-4418-be20-d052995979fb/pypi/download/pydantic-core/2.33.2/pydantic_core-2.33.2-cp312-cp312-manylinux_2_17_aarch64.manylinux2014_aarch64.whl", hash = "sha256:4e61206137cbc65e6d5256e1166f88331d3b6238e082d9f74613b9b765fb9025" },
    { url = "https://ms-feed-12.pkgs.visualstudio.com/80ca31fc-64d9-45fa-acb1-85ac9c6202b2/_packaging/00cb4235-4c66-4418-be20-d052995979fb/pypi/download/pydantic-core/2.33.2/pydantic_core-2.33.2-cp312-cp312-manylinux_2_17_armv7l.manylinux2014_armv7l.whl", hash = "sha256:eb8c529b2819c37140eb51b914153063d27ed88e3bdc31b71198a198e921e011" },
    { url = "https://ms-feed-12.pkgs.visualstudio.com/80ca31fc-64d9-45fa-acb1-85ac9c6202b2/_packaging/00cb4235-4c66-4418-be20-d052995979fb/pypi/download/pydantic-core/2.33.2/pydantic_core-2.33.2-cp312-cp312-manylinux_2_17_ppc64le.manylinux2014_ppc64le.whl", hash = "sha256:c52b02ad8b4e2cf14ca7b3d918f3eb0ee91e63b3167c32591e57c4317e134f8f" },
    { url = "https://ms-feed-12.pkgs.visualstudio.com/80ca31fc-64d9-45fa-acb1-85ac9c6202b2/_packaging/00cb4235-4c66-4418-be20-d052995979fb/pypi/download/pydantic-core/2.33.2/pydantic_core-2.33.2-cp312-cp312-manylinux_2_17_s390x.manylinux2014_s390x.whl", hash = "sha256:96081f1605125ba0855dfda83f6f3df5ec90c61195421ba72223de35ccfb2f88" },
    { url = "https://ms-feed-12.pkgs.visualstudio.com/80ca31fc-64d9-45fa-acb1-85ac9c6202b2/_packaging/00cb4235-4c66-4418-be20-d052995979fb/pypi/download/pydantic-core/2.33.2/pydantic_core-2.33.2-cp312-cp312-manylinux_2_17_x86_64.manylinux2014_x86_64.whl", hash = "sha256:8f57a69461af2a5fa6e6bbd7a5f60d3b7e6cebb687f55106933188e79ad155c1" },
    { url = "https://ms-feed-12.pkgs.visualstudio.com/80ca31fc-64d9-45fa-acb1-85ac9c6202b2/_packaging/00cb4235-4c66-4418-be20-d052995979fb/pypi/download/pydantic-core/2.33.2/pydantic_core-2.33.2-cp312-cp312-manylinux_2_5_i686.manylinux1_i686.whl", hash = "sha256:572c7e6c8bb4774d2ac88929e3d1f12bc45714ae5ee6d9a788a9fb35e60bb04b" },
    { url = "https://ms-feed-12.pkgs.visualstudio.com/80ca31fc-64d9-45fa-acb1-85ac9c6202b2/_packaging/00cb4235-4c66-4418-be20-d052995979fb/pypi/download/pydantic-core/2.33.2/pydantic_core-2.33.2-cp312-cp312-musllinux_1_1_aarch64.whl", hash = "sha256:db4b41f9bd95fbe5acd76d89920336ba96f03e149097365afe1cb092fceb89a1" },
    { url = "https://ms-feed-12.pkgs.visualstudio.com/80ca31fc-64d9-45fa-acb1-85ac9c6202b2/_packaging/00cb4235-4c66-4418-be20-d052995979fb/pypi/download/pydantic-core/2.33.2/pydantic_core-2.33.2-cp312-cp312-musllinux_1_1_armv7l.whl", hash = "sha256:fa854f5cf7e33842a892e5c73f45327760bc7bc516339fda888c75ae60edaeb6" },
    { url = "https://ms-feed-12.pkgs.visualstudio.com/80ca31fc-64d9-45fa-acb1-85ac9c6202b2/_packaging/00cb4235-4c66-4418-be20-d052995979fb/pypi/download/pydantic-core/2.33.2/pydantic_core-2.33.2-cp312-cp312-musllinux_1_1_x86_64.whl", hash = "sha256:5f483cfb75ff703095c59e365360cb73e00185e01aaea067cd19acffd2ab20ea" },
    { url = "https://ms-feed-12.pkgs.visualstudio.com/80ca31fc-64d9-45fa-acb1-85ac9c6202b2/_packaging/00cb4235-4c66-4418-be20-d052995979fb/pypi/download/pydantic-core/2.33.2/pydantic_core-2.33.2-cp312-cp312-win32.whl", hash = "sha256:9cb1da0f5a471435a7bc7e439b8a728e8b61e59784b2af70d7c169f8dd8ae290" },
    { url = "https://ms-feed-12.pkgs.visualstudio.com/80ca31fc-64d9-45fa-acb1-85ac9c6202b2/_packaging/00cb4235-4c66-4418-be20-d052995979fb/pypi/download/pydantic-core/2.33.2/pydantic_core-2.33.2-cp312-cp312-win_amd64.whl", hash = "sha256:f941635f2a3d96b2973e867144fde513665c87f13fe0e193c158ac51bfaaa7b2" },
    { url = "https://ms-feed-12.pkgs.visualstudio.com/80ca31fc-64d9-45fa-acb1-85ac9c6202b2/_packaging/00cb4235-4c66-4418-be20-d052995979fb/pypi/download/pydantic-core/2.33.2/pydantic_core-2.33.2-cp312-cp312-win_arm64.whl", hash = "sha256:cca3868ddfaccfbc4bfb1d608e2ccaaebe0ae628e1416aeb9c4d88c001bb45ab" },
    { url = "https://ms-feed-12.pkgs.visualstudio.com/80ca31fc-64d9-45fa-acb1-85ac9c6202b2/_packaging/00cb4235-4c66-4418-be20-d052995979fb/pypi/download/pydantic-core/2.33.2/pydantic_core-2.33.2-cp313-cp313-macosx_10_12_x86_64.whl", hash = "sha256:1082dd3e2d7109ad8b7da48e1d4710c8d06c253cbc4a27c1cff4fbcaa97a9e3f" },
    { url = "https://ms-feed-12.pkgs.visualstudio.com/80ca31fc-64d9-45fa-acb1-85ac9c6202b2/_packaging/00cb4235-4c66-4418-be20-d052995979fb/pypi/download/pydantic-core/2.33.2/pydantic_core-2.33.2-cp313-cp313-macosx_11_0_arm64.whl", hash = "sha256:f517ca031dfc037a9c07e748cefd8d96235088b83b4f4ba8939105d20fa1dcd6" },
    { url = "https://ms-feed-12.pkgs.visualstudio.com/80ca31fc-64d9-45fa-acb1-85ac9c6202b2/_packaging/00cb4235-4c66-4418-be20-d052995979fb/pypi/download/pydantic-core/2.33.2/pydantic_core-2.33.2-cp313-cp313-manylinux_2_17_aarch64.manylinux2014_aarch64.whl", hash = "sha256:0a9f2c9dd19656823cb8250b0724ee9c60a82f3cdf68a080979d13092a3b0fef" },
    { url = "https://ms-feed-12.pkgs.visualstudio.com/80ca31fc-64d9-45fa-acb1-85ac9c6202b2/_packaging/00cb4235-4c66-4418-be20-d052995979fb/pypi/download/pydantic-core/2.33.2/pydantic_core-2.33.2-cp313-cp313-manylinux_2_17_armv7l.manylinux2014_armv7l.whl", hash = "sha256:2b0a451c263b01acebe51895bfb0e1cc842a5c666efe06cdf13846c7418caa9a" },
    { url = "https://ms-feed-12.pkgs.visualstudio.com/80ca31fc-64d9-45fa-acb1-85ac9c6202b2/_packaging/00cb4235-4c66-4418-be20-d052995979fb/pypi/download/pydantic-core/2.33.2/pydantic_core-2.33.2-cp313-cp313-manylinux_2_17_ppc64le.manylinux2014_ppc64le.whl", hash = "sha256:1ea40a64d23faa25e62a70ad163571c0b342b8bf66d5fa612ac0dec4f069d916" },
    { url = "https://ms-feed-12.pkgs.visualstudio.com/80ca31fc-64d9-45fa-acb1-85ac9c6202b2/_packaging/00cb4235-4c66-4418-be20-d052995979fb/pypi/download/pydantic-core/2.33.2/pydantic_core-2.33.2-cp313-cp313-manylinux_2_17_s390x.manylinux2014_s390x.whl", hash = "sha256:0fb2d542b4d66f9470e8065c5469ec676978d625a8b7a363f07d9a501a9cb36a" },
    { url = "https://ms-feed-12.pkgs.visualstudio.com/80ca31fc-64d9-45fa-acb1-85ac9c6202b2/_packaging/00cb4235-4c66-4418-be20-d052995979fb/pypi/download/pydantic-core/2.33.2/pydantic_core-2.33.2-cp313-cp313-manylinux_2_17_x86_64.manylinux2014_x86_64.whl", hash = "sha256:9fdac5d6ffa1b5a83bca06ffe7583f5576555e6c8b3a91fbd25ea7780f825f7d" },
    { url = "https://ms-feed-12.pkgs.visualstudio.com/80ca31fc-64d9-45fa-acb1-85ac9c6202b2/_packaging/00cb4235-4c66-4418-be20-d052995979fb/pypi/download/pydantic-core/2.33.2/pydantic_core-2.33.2-cp313-cp313-manylinux_2_5_i686.manylinux1_i686.whl", hash = "sha256:04a1a413977ab517154eebb2d326da71638271477d6ad87a769102f7c2488c56" },
    { url = "https://ms-feed-12.pkgs.visualstudio.com/80ca31fc-64d9-45fa-acb1-85ac9c6202b2/_packaging/00cb4235-4c66-4418-be20-d052995979fb/pypi/download/pydantic-core/2.33.2/pydantic_core-2.33.2-cp313-cp313-musllinux_1_1_aarch64.whl", hash = "sha256:c8e7af2f4e0194c22b5b37205bfb293d166a7344a5b0d0eaccebc376546d77d5" },
    { url = "https://ms-feed-12.pkgs.visualstudio.com/80ca31fc-64d9-45fa-acb1-85ac9c6202b2/_packaging/00cb4235-4c66-4418-be20-d052995979fb/pypi/download/pydantic-core/2.33.2/pydantic_core-2.33.2-cp313-cp313-musllinux_1_1_armv7l.whl", hash = "sha256:5c92edd15cd58b3c2d34873597a1e20f13094f59cf88068adb18947df5455b4e" },
    { url = "https://ms-feed-12.pkgs.visualstudio.com/80ca31fc-64d9-45fa-acb1-85ac9c6202b2/_packaging/00cb4235-4c66-4418-be20-d052995979fb/pypi/download/pydantic-core/2.33.2/pydantic_core-2.33.2-cp313-cp313-musllinux_1_1_x86_64.whl", hash = "sha256:65132b7b4a1c0beded5e057324b7e16e10910c106d43675d9bd87d4f38dde162" },
    { url = "https://ms-feed-12.pkgs.visualstudio.com/80ca31fc-64d9-45fa-acb1-85ac9c6202b2/_packaging/00cb4235-4c66-4418-be20-d052995979fb/pypi/download/pydantic-core/2.33.2/pydantic_core-2.33.2-cp313-cp313-win32.whl", hash = "sha256:52fb90784e0a242bb96ec53f42196a17278855b0f31ac7c3cc6f5c1ec4811849" },
    { url = "https://ms-feed-12.pkgs.visualstudio.com/80ca31fc-64d9-45fa-acb1-85ac9c6202b2/_packaging/00cb4235-4c66-4418-be20-d052995979fb/pypi/download/pydantic-core/2.33.2/pydantic_core-2.33.2-cp313-cp313-win_amd64.whl", hash = "sha256:c083a3bdd5a93dfe480f1125926afcdbf2917ae714bdb80b36d34318b2bec5d9" },
    { url = "https://ms-feed-12.pkgs.visualstudio.com/80ca31fc-64d9-45fa-acb1-85ac9c6202b2/_packaging/00cb4235-4c66-4418-be20-d052995979fb/pypi/download/pydantic-core/2.33.2/pydantic_core-2.33.2-cp313-cp313-win_arm64.whl", hash = "sha256:e80b087132752f6b3d714f041ccf74403799d3b23a72722ea2e6ba2e892555b9" },
    { url = "https://ms-feed-12.pkgs.visualstudio.com/80ca31fc-64d9-45fa-acb1-85ac9c6202b2/_packaging/00cb4235-4c66-4418-be20-d052995979fb/pypi/download/pydantic-core/2.33.2/pydantic_core-2.33.2-cp313-cp313t-macosx_11_0_arm64.whl", hash = "sha256:61c18fba8e5e9db3ab908620af374db0ac1baa69f0f32df4f61ae23f15e586ac" },
    { url = "https://ms-feed-12.pkgs.visualstudio.com/80ca31fc-64d9-45fa-acb1-85ac9c6202b2/_packaging/00cb4235-4c66-4418-be20-d052995979fb/pypi/download/pydantic-core/2.33.2/pydantic_core-2.33.2-cp313-cp313t-manylinux_2_17_x86_64.manylinux2014_x86_64.whl", hash = "sha256:95237e53bb015f67b63c91af7518a62a8660376a6a0db19b89acc77a4d6199f5" },
    { url = "https://ms-feed-12.pkgs.visualstudio.com/80ca31fc-64d9-45fa-acb1-85ac9c6202b2/_packaging/00cb4235-4c66-4418-be20-d052995979fb/pypi/download/pydantic-core/2.33.2/pydantic_core-2.33.2-cp313-cp313t-win_amd64.whl", hash = "sha256:c2fc0a768ef76c15ab9238afa6da7f69895bb5d1ee83aeea2e3509af4472d0b9" },
]

[[package]]
name = "pygments"
version = "2.20.0"
source = { registry = "https://packagefeedproxy.microsoft.io/pypi/simple/" }
sdist = { url = "https://ms-feed-12.pkgs.visualstudio.com/80ca31fc-64d9-45fa-acb1-85ac9c6202b2/_packaging/00cb4235-4c66-4418-be20-d052995979fb/pypi/download/pygments/2.20/pygments-2.20.0.tar.gz", hash = "sha256:6757cd03768053ff99f3039c1a36d6c0aa0b263438fcab17520b30a303a82b5f" }
wheels = [
    { url = "https://ms-feed-12.pkgs.visualstudio.com/80ca31fc-64d9-45fa-acb1-85ac9c6202b2/_packaging/00cb4235-4c66-4418-be20-d052995979fb/pypi/download/pygments/2.20/pygments-2.20.0-py3-none-any.whl", hash = "sha256:81a9e26dd42fd28a23a2d169d86d7ac03b46e2f8b59ed4698fb4785f946d0176" },
]

[[package]]
name = "pytest"
version = "8.4.1"
source = { registry = "https://packagefeedproxy.microsoft.io/pypi/simple/" }
dependencies = [
    { name = "colorama", marker = "sys_platform == 'win32'" },
    { name = "iniconfig" },
    { name = "packaging" },
    { name = "pluggy" },
    { name = "pygments" },
]
sdist = { url = "https://ms-feed-17.pkgs.visualstudio.com/02a0e93b-9e7a-46f6-8851-5a56920f8f7e/_packaging/2aa351dc-4441-4d20-a430-25f505f2a55a/pypi/download/pytest/8.4.1/pytest-8.4.1.tar.gz", hash = "sha256:7c67fd69174877359ed9371ec3af8a3d2b04741818c51e5e99cc1742251fa93c" }
wheels = [
    { url = "https://ms-feed-17.pkgs.visualstudio.com/02a0e93b-9e7a-46f6-8851-5a56920f8f7e/_packaging/2aa351dc-4441-4d20-a430-25f505f2a55a/pypi/download/pytest/8.4.1/pytest-8.4.1-py3-none-any.whl", hash = "sha256:539c70ba6fcead8e78eebbf1115e8b589e7565830d7d006a8723f19ac8a0afb7" },
]

[[package]]
name = "ruff"
version = "0.12.7"
source = { registry = "https://packagefeedproxy.microsoft.io/pypi/simple/" }
sdist = { url = "https://ms-feed-12.pkgs.visualstudio.com/80ca31fc-64d9-45fa-acb1-85ac9c6202b2/_packaging/00cb4235-4c66-4418-be20-d052995979fb/pypi/download/ruff/0.12.7/ruff-0.12.7.tar.gz", hash = "sha256:1fc3193f238bc2d7968772c82831a4ff69252f673be371fb49663f0068b7ec71" }
wheels = [
    { url = "https://ms-feed-12.pkgs.visualstudio.com/80ca31fc-64d9-45fa-acb1-85ac9c6202b2/_packaging/00cb4235-4c66-4418-be20-d052995979fb/pypi/download/ruff/0.12.7/ruff-0.12.7-py3-none-linux_armv6l.whl", hash = "sha256:76e4f31529899b8c434c3c1dede98c4483b89590e15fb49f2d46183801565303" },
    { url = "https://ms-feed-12.pkgs.visualstudio.com/80ca31fc-64d9-45fa-acb1-85ac9c6202b2/_packaging/00cb4235-4c66-4418-be20-d052995979fb/pypi/download/ruff/0.12.7/ruff-0.12.7-py3-none-macosx_10_12_x86_64.whl", hash = "sha256:789b7a03e72507c54fb3ba6209e4bb36517b90f1a3569ea17084e3fd295500fb" },
    { url = "https://ms-feed-12.pkgs.visualstudio.com/80ca31fc-64d9-45fa-acb1-85ac9c6202b2/_packaging/00cb4235-4c66-4418-be20-d052995979fb/pypi/download/ruff/0.12.7/ruff-0.12.7-py3-none-macosx_11_0_arm64.whl", hash = "sha256:2e1c2a3b8626339bb6369116e7030a4cf194ea48f49b64bb505732a7fce4f4e3" },
    { url = "https://ms-feed-12.pkgs.visualstudio.com/80ca31fc-64d9-45fa-acb1-85ac9c6202b2/_packaging/00cb4235-4c66-4418-be20-d052995979fb/pypi/download/ruff/0.12.7/ruff-0.12.7-py3-none-manylinux_2_17_aarch64.manylinux2014_aarch64.whl", hash = "sha256:32dec41817623d388e645612ec70d5757a6d9c035f3744a52c7b195a57e03860" },
    { url = "https://ms-feed-12.pkgs.visualstudio.com/80ca31fc-64d9-45fa-acb1-85ac9c6202b2/_packaging/00cb4235-4c66-4418-be20-d052995979fb/pypi/download/ruff/0.12.7/ruff-0.12.7-py3-none-manylinux_2_17_armv7l.manylinux2014_armv7l.whl", hash = "sha256:47ef751f722053a5df5fa48d412dbb54d41ab9b17875c6840a58ec63ff0c247c" },
    { url = "https://ms-feed-12.pkgs.visualstudio.com/80ca31fc-64d9-45fa-acb1-85ac9c6202b2/_packaging/00cb4235-4c66-4418-be20-d052995979fb/pypi/download/ruff/0.12.7/ruff-0.12.7-py3-none-manylinux_2_17_i686.manylinux2014_i686.whl", hash = "sha256:a828a5fc25a3efd3e1ff7b241fd392686c9386f20e5ac90aa9234a5faa12c423" },
    { url = "https://ms-feed-12.pkgs.visualstudio.com/80ca31fc-64d9-45fa-acb1-85ac9c6202b2/_packaging/00cb4235-4c66-4418-be20-d052995979fb/pypi/download/ruff/0.12.7/ruff-0.12.7-py3-none-manylinux_2_17_ppc64.manylinux2014_ppc64.whl", hash = "sha256:5726f59b171111fa6a69d82aef48f00b56598b03a22f0f4170664ff4d8298efb" },
    { url = "https://ms-feed-12.pkgs.visualstudio.com/80ca31fc-64d9-45fa-acb1-85ac9c6202b2/_packaging/00cb4235-4c66-4418-be20-d052995979fb/pypi/download/ruff/0.12.7/ruff-0.12.7-py3-none-manylinux_2_17_ppc64le.manylinux2014_ppc64le.whl", hash = "sha256:74e6f5c04c4dd4aba223f4fe6e7104f79e0eebf7d307e4f9b18c18362124bccd" },
    { url = "https://ms-feed-12.pkgs.visualstudio.com/80ca31fc-64d9-45fa-acb1-85ac9c6202b2/_packaging/00cb4235-4c66-4418-be20-d052995979fb/pypi/download/ruff/0.12.7/ruff-0.12.7-py3-none-manylinux_2_17_s390x.manylinux2014_s390x.whl", hash = "sha256:5d0bfe4e77fba61bf2ccadf8cf005d6133e3ce08793bbe870dd1c734f2699a3e" },
    { url = "https://ms-feed-12.pkgs.visualstudio.com/80ca31fc-64d9-45fa-acb1-85ac9c6202b2/_packaging/00cb4235-4c66-4418-be20-d052995979fb/pypi/download/ruff/0.12.7/ruff-0.12.7-py3-none-manylinux_2_17_x86_64.manylinux2014_x86_64.whl", hash = "sha256:06bfb01e1623bf7f59ea749a841da56f8f653d641bfd046edee32ede7ff6c606" },
    { url = "https://ms-feed-12.pkgs.visualstudio.com/80ca31fc-64d9-45fa-acb1-85ac9c6202b2/_packaging/00cb4235-4c66-4418-be20-d052995979fb/pypi/download/ruff/0.12.7/ruff-0.12.7-py3-none-musllinux_1_2_aarch64.whl", hash = "sha256:e41df94a957d50083fd09b916d6e89e497246698c3f3d5c681c8b3e7b9bb4ac8" },
    { url = "https://ms-feed-12.pkgs.visualstudio.com/80ca31fc-64d9-45fa-acb1-85ac9c6202b2/_packaging/00cb4235-4c66-4418-be20-d052995979fb/pypi/download/ruff/0.12.7/ruff-0.12.7-py3-none-musllinux_1_2_armv7l.whl", hash = "sha256:4000623300563c709458d0ce170c3d0d788c23a058912f28bbadc6f905d67afa" },
    { url = "https://ms-feed-12.pkgs.visualstudio.com/80ca31fc-64d9-45fa-acb1-85ac9c6202b2/_packaging/00cb4235-4c66-4418-be20-d052995979fb/pypi/download/ruff/0.12.7/ruff-0.12.7-py3-none-musllinux_1_2_i686.whl", hash = "sha256:69ffe0e5f9b2cf2b8e289a3f8945b402a1b19eff24ec389f45f23c42a3dd6fb5" },
    { url = "https://ms-feed-12.pkgs.visualstudio.com/80ca31fc-64d9-45fa-acb1-85ac9c6202b2/_packaging/00cb4235-4c66-4418-be20-d052995979fb/pypi/download/ruff/0.12.7/ruff-0.12.7-py3-none-musllinux_1_2_x86_64.whl", hash = "sha256:a07a5c8ffa2611a52732bdc67bf88e243abd84fe2d7f6daef3826b59abbfeda4" },
    { url = "https://ms-feed-12.pkgs.visualstudio.com/80ca31fc-64d9-45fa-acb1-85ac9c6202b2/_packaging/00cb4235-4c66-4418-be20-d052995979fb/pypi/download/ruff/0.12.7/ruff-0.12.7-py3-none-win32.whl", hash = "sha256:c928f1b2ec59fb77dfdf70e0419408898b63998789cc98197e15f560b9e77f77" },
    { url = "https://ms-feed-12.pkgs.visualstudio.com/80ca31fc-64d9-45fa-acb1-85ac9c6202b2/_packaging/00cb4235-4c66-4418-be20-d052995979fb/pypi/download/ruff/0.12.7/ruff-0.12.7-py3-none-win_amd64.whl", hash = "sha256:9c18f3d707ee9edf89da76131956aba1270c6348bfee8f6c647de841eac7194f" },
    { url = "https://ms-feed-12.pkgs.visualstudio.com/80ca31fc-64d9-45fa-acb1-85ac9c6202b2/_packaging/00cb4235-4c66-4418-be20-d052995979fb/pypi/download/ruff/0.12.7/ruff-0.12.7-py3-none-win_arm64.whl", hash = "sha256:dfce05101dbd11833a0776716d5d1578641b7fddb537fe7fa956ab85d1769b69" },
]

[[package]]
name = "skills-video-studio-api"
version = "0.1.0"
source = { editable = "." }
dependencies = [
    { name = "fastapi" },
    { name = "pydantic" },
    { name = "uvicorn" },
]

[package.optional-dependencies]
dev = [
    { name = "httpx" },
    { name = "pytest" },
    { name = "ruff" },
]

[package.metadata]
requires-dist = [
    { name = "fastapi", specifier = "==0.116.1" },
    { name = "httpx", marker = "extra == 'dev'", specifier = "==0.28.1" },
    { name = "pydantic", specifier = "==2.11.7" },
    { name = "pytest", marker = "extra == 'dev'", specifier = "==8.4.1" },
    { name = "ruff", marker = "extra == 'dev'", specifier = "==0.12.7" },
    { name = "uvicorn", specifier = "==0.35.0" },
]
provides-extras = ["dev"]

[[package]]
name = "starlette"
version = "0.47.3"
source = { registry = "https://packagefeedproxy.microsoft.io/pypi/simple/" }
dependencies = [
    { name = "anyio" },
    { name = "typing-extensions", marker = "python_full_version < '3.13'" },
]
sdist = { url = "https://ms-feed-17.pkgs.visualstudio.com/02a0e93b-9e7a-46f6-8851-5a56920f8f7e/_packaging/2aa351dc-4441-4d20-a430-25f505f2a55a/pypi/download/starlette/0.47.3/starlette-0.47.3.tar.gz", hash = "sha256:6bc94f839cc176c4858894f1f8908f0ab79dfec1a6b8402f6da9be26ebea52e9" }
wheels = [
    { url = "https://ms-feed-17.pkgs.visualstudio.com/02a0e93b-9e7a-46f6-8851-5a56920f8f7e/_packaging/2aa351dc-4441-4d20-a430-25f505f2a55a/pypi/download/starlette/0.47.3/starlette-0.47.3-py3-none-any.whl", hash = "sha256:89c0778ca62a76b826101e7c709e70680a1699ca7da6b44d38eb0a7e61fe4b51" },
]

[[package]]
name = "typing-extensions"
version = "4.16.0"
source = { registry = "https://packagefeedproxy.microsoft.io/pypi/simple/" }
sdist = { url = "https://ms-feed-2.pkgs.visualstudio.com/f5581750-f66a-4ee8-b9cc-8269930bd7c4/_packaging/637e612b-d5d4-45c1-8a31-e0deb2a5a828/pypi/download/typing-extensions/4.16/typing_extensions-4.16.0.tar.gz", hash = "sha256:dc983d19a509c94dba722ee6abd33940f7c05a89e243c47e907eb4db6f1a43e5" }
wheels = [
    { url = "https://ms-feed-2.pkgs.visualstudio.com/f5581750-f66a-4ee8-b9cc-8269930bd7c4/_packaging/637e612b-d5d4-45c1-8a31-e0deb2a5a828/pypi/download/typing-extensions/4.16/typing_extensions-4.16.0-py3-none-any.whl", hash = "sha256:481caa481374e813c1b176ada14e97f1f67a4539ce9cfeb3f350d78d6370c2e8" },
]

[[package]]
name = "typing-inspection"
version = "0.4.2"
source = { registry = "https://packagefeedproxy.microsoft.io/pypi/simple/" }
dependencies = [
    { name = "typing-extensions" },
]
sdist = { url = "https://ms-feed-2.pkgs.visualstudio.com/f5581750-f66a-4ee8-b9cc-8269930bd7c4/_packaging/637e612b-d5d4-45c1-8a31-e0deb2a5a828/pypi/download/typing-inspection/0.4.2/typing_inspection-0.4.2.tar.gz", hash = "sha256:ba561c48a67c5958007083d386c3295464928b01faa735ab8547c5692e87f464" }
wheels = [
    { url = "https://ms-feed-2.pkgs.visualstudio.com/f5581750-f66a-4ee8-b9cc-8269930bd7c4/_packaging/637e612b-d5d4-45c1-8a31-e0deb2a5a828/pypi/download/typing-inspection/0.4.2/typing_inspection-0.4.2-py3-none-any.whl", hash = "sha256:4ed1cacbdc298c220f1bd249ed5287caa16f34d44ef4e9c3d0cbad5b521545e7" },
]

[[package]]
name = "uvicorn"
version = "0.35.0"
source = { registry = "https://packagefeedproxy.microsoft.io/pypi/simple/" }
dependencies = [
    { name = "click" },
    { name = "h11" },
]
sdist = { url = "https://ms-feed-12.pkgs.visualstudio.com/80ca31fc-64d9-45fa-acb1-85ac9c6202b2/_packaging/00cb4235-4c66-4418-be20-d052995979fb/pypi/download/uvicorn/0.35/uvicorn-0.35.0.tar.gz", hash = "sha256:bc662f087f7cf2ce11a1d7fd70b90c9f98ef2e2831556dd078d131b96cc94a01" }
wheels = [
    { url = "https://ms-feed-12.pkgs.visualstudio.com/80ca31fc-64d9-45fa-acb1-85ac9c6202b2/_packaging/00cb4235-4c66-4418-be20-d052995979fb/pypi/download/uvicorn/0.35/uvicorn-0.35.0-py3-none-any.whl", hash = "sha256:197535216b25ff9b785e29a0b79199f55222193d47f820816e7da751e9bc8d4a" },
]
